
Microsoft Visual Studio Solution File, Format Version 12.00
# Visual Studio Version 17
VisualStudioVersion = 17.9.34728.123
MinimumVisualStudioVersion = 10.0.40219.1
Project("{FAE04EC0-301F-11D3-BF4B-00C04F79EFBC}") = "monogameFF", "monogameFF\monogameFF.csproj", "{0EAF062D-2054-49D2-9223-54079770BA9F}"
EndProject
Global
	GlobalSection(SolutionConfigurationPlatforms) = preSolution
		Debug|Any CPU = Debug|Any CPU
		Release|Any CPU = Release|Any CPU
	EndGlobalSection
	GlobalSection(ProjectConfigurationPlatforms) = postSolution
		{0EAF062D-2054-49D2-9223-54079770BA9F}.Debug|Any CPU.ActiveCfg = Debug|Any CPU
		{0EAF062D-2054-49D2-9223-54079770BA9F}.Debug|Any CPU.Build.0 = Debug|Any CPU
		{0EAF062D-2054-49D2-9223-54079770BA9F}.Release|Any CPU.ActiveCfg = Release|Any CPU
		{0EAF062D-2054-49D2-9223-54079770BA9F}.Release|Any CPU.Build.0 = Release|Any CPU
	EndGlobalSection
	GlobalSection(SolutionProperties) = preSolution
		HideSolutionNode = FALSE
	EndGlobalSection
	GlobalSection(ExtensibilityGlobals) = postSolution
		SolutionGuid = {7BF630CC-D218-4EF5-97FC-B77E0E6DBED8}
	EndGlobalSection
EndGlobal
